<?xml version="1.0" encoding="utf-8"?>
<Project ToolsVersion="4.0" xmlns="http://schemas.microsoft.com/developer/msbuild/2003">
  <ItemGroup>
    <Filter Include="Source Files">
      <UniqueIdentifier>{4FC737F1-C7A5-4376-A066-2A32D752A2FF}</UniqueIdentifier>
      <Extensions>cpp;c;cc;cxx;def;odl;idl;hpj;bat;asm;asmx</Extensions>
    </Filter>
    <Filter Include="Header Files">
      <UniqueIdentifier>{93995380-89BD-4b04-88EB-625FBE52EBFB}</UniqueIdentifier>
      <Extensions>h;hh;hpp;hxx;hm;inl;inc;xsd</Extensions>
    </Filter>
    <Filter Include="Resource Files">
      <UniqueIdentifier>{67DA6AB6-F800-4c08-8B7A-83BB121AAD01}</UniqueIdentifier>
      <Extensions>rc;ico;cur;bmp;dlg;rc2;rct;bin;rgs;gif;jpg;jpeg;jpe;resx;tiff;tif;png;wav;mfcribbon-ms</Extensions>
    </Filter>
    <Filter Include="Header Files\Maths Files">
      <UniqueIdentifier>{248c9204-3857-4a5c-b134-916b45ebf1fd}</UniqueIdentifier>
    </Filter>
    <Filter Include="Source Files\App Entry Point">
      <UniqueIdentifier>{411d553c-0d03-4987-9cb9-64abbb417e26}</UniqueIdentifier>
    </Filter>
    <Filter Include="Header Files\Framework">
      <UniqueIdentifier>{cc2b7a53-4b2f-4bd4-acc1-b2eda03c176c}</UniqueIdentifier>
    </Filter>
    <Filter Include="Source Files\Framework">
      <UniqueIdentifier>{bf5166b8-d3b3-48e5-a674-0df9d767d525}</UniqueIdentifier>
    </Filter>
  </ItemGroup>
  <ItemGroup>
    <ClCompile Include="src\Controls.cpp">
      <Filter>Source Files</Filter>
    </ClCompile>
    <ClCompile Include="src\Game.cpp">
      <Filter>Source Files</Filter>
    </ClCompile>
    <ClCompile Include="src\GameState.cpp">
      <Filter>Source Files</Filter>
    </ClCompile>
    <ClCompile Include="src\mainApp.cpp">
      <Filter>Source Files\App Entry Point</Filter>
    </ClCompile>
    <ClCompile Include="src\Framework\Settings.cpp">
      <Filter>Source Files\Framework</Filter>
    </ClCompile>
    <ClCompile Include="src\Framework\AnimSprite.cpp">
      <Filter>Source Files\Framework</Filter>
    </ClCompile>
    <ClCompile Include="src\Background.cpp">
      <Filter>Source Files</Filter>
    </ClCompile>
    <ClCompile Include="src\Bullet.cpp">
      <Filter>Source Files</Filter>
    </ClCompile>
    <ClCompile Include="src\Enemy.cpp">
      <Filter>Source Files</Filter>
    </ClCompile>
    <ClCompile Include="src\Player.cpp">
      <Filter>Source Files</Filter>
    </ClCompile>
  </ItemGroup>
  <ItemGroup>
    <ClInclude Include="include\Assets.h">
      <Filter>Header Files</Filter>
    </ClInclude>
    <ClInclude Include="include\Controls.h">
      <Filter>Header Files</Filter>
    </ClInclude>
    <ClInclude Include="include\Game.h">
      <Filter>Header Files</Filter>
    </ClInclude>
    <ClInclude Include="include\GameState.h">
      <Filter>Header Files</Filter>
    </ClInclude>
    <ClInclude Include="include\Framework\AnimSprite.h">
      <Filter>Header Files\Framework</Filter>
    </ClInclude>
    <ClInclude Include="include\Maths\MathPolar.h">
      <Filter>Header Files\Maths Files</Filter>
    </ClInclude>
    <ClInclude Include="include\Maths\MathTrigonometry.h">
      <Filter>Header Files\Maths Files</Filter>
    </ClInclude>
    <ClInclude Include="include\Maths\MathVector.h">
      <Filter>Header Files\Maths Files</Filter>
    </ClInclude>
    <ClInclude Include="include\Framework\Settings.h">
      <Filter>Header Files\Framework</Filter>
    </ClInclude>
    <ClInclude Include="include\Framework\SFMLUtility.h">
      <Filter>Header Files\Framework</Filter>
    </ClInclude>
    <ClInclude Include="include\Background.h">
      <Filter>Header Files</Filter>
    </ClInclude>
    <ClInclude Include="include\Bullet.h">
      <Filter>Header Files</Filter>
    </ClInclude>
    <ClInclude Include="include\Enemy.h">
      <Filter>Header Files</Filter>
    </ClInclude>
    <ClInclude Include="include\Player.h">
      <Filter>Header Files</Filter>
    </ClInclude>
  </ItemGroup>
  <ItemGroup>
    <None Include="include\Maths\MathPolar.inl">
      <Filter>Header Files\Maths Files</Filter>
    </None>
    <None Include="include\Maths\MathTrigonometry.inl">
      <Filter>Header Files\Maths Files</Filter>
    </None>
    <None Include="include\Maths\MathVector.inl">
      <Filter>Header Files\Maths Files</Filter>
    </None>
    <None Include="include\Framework\SFMLUtility.inl">
      <Filter>Header Files\Framework</Filter>
    </None>
  </ItemGroup>
</Project>